
Microsoft Visual Studio Solution File, Format Version 12.00
# Visual Studio Version 16
VisualStudioVersion = 16.0.31624.102
MinimumVisualStudioVersion = 10.0.40219.1
Project("{FAE04EC0-301F-11D3-BF4B-00C04F79EFBC}") = "P2-AP1-CarlosLopez-20190720", "P2-AP1-CarlosLopez-20190720.csproj", "{E996D440-FC44-4065-B5C7-E91F9B33D3C3}"
EndProject
Global
	GlobalSection(SolutionConfigurationPlatforms) = preSolution
		Debug|Any CPU = Debug|Any CPU
		Release|Any CPU = Release|Any CPU
	EndGlobalSection
	GlobalSection(ProjectConfigurationPlatforms) = postSolution
		{E996D440-FC44-4065-B5C7-E91F9B33D3C3}.Debug|Any CPU.ActiveCfg = Debug|Any CPU
		{E996D440-FC44-4065-B5C7-E91F9B33D3C3}.Debug|Any CPU.Build.0 = Debug|Any CPU
		{E996D440-FC44-4065-B5C7-E91F9B33D3C3}.Release|Any CPU.ActiveCfg = Release|Any CPU
		{E996D440-FC44-4065-B5C7-E91F9B33D3C3}.Release|Any CPU.Build.0 = Release|Any CPU
	EndGlobalSection
	GlobalSection(SolutionProperties) = preSolution
		HideSolutionNode = FALSE
	EndGlobalSection
	GlobalSection(ExtensibilityGlobals) = postSolution
		SolutionGuid = {AED3AEC7-A88C-4674-B2FD-8FFFA7B45946}
	EndGlobalSection
EndGlobal
